
Microsoft Visual Studio Solution File, Format Version 12.00
# Visual Studio Version 16
VisualStudioVersion = 16.0.30709.132
MinimumVisualStudioVersion = 10.0.40219.1
Project("{FAE04EC0-301F-11D3-BF4B-00C04F79EFBC}") = "PricefyCargaCSV", "PricefyCargaCSV\PricefyCargaCSV.csproj", "{C2EAFCB6-F06A-4013-A0C8-48AA10FC283E}"
EndProject
Global
	GlobalSection(SolutionConfigurationPlatforms) = preSolution
		Debug|Any CPU = Debug|Any CPU
		Release|Any CPU = Release|Any CPU
	EndGlobalSection
	GlobalSection(ProjectConfigurationPlatforms) = postSolution
		{C2EAFCB6-F06A-4013-A0C8-48AA10FC283E}.Debug|Any CPU.ActiveCfg = Debug|Any CPU
		{C2EAFCB6-F06A-4013-A0C8-48AA10FC283E}.Debug|Any CPU.Build.0 = Debug|Any CPU
		{C2EAFCB6-F06A-4013-A0C8-48AA10FC283E}.Release|Any CPU.ActiveCfg = Release|Any CPU
		{C2EAFCB6-F06A-4013-A0C8-48AA10FC283E}.Release|Any CPU.Build.0 = Release|Any CPU
	EndGlobalSection
	GlobalSection(SolutionProperties) = preSolution
		HideSolutionNode = FALSE
	EndGlobalSection
	GlobalSection(ExtensibilityGlobals) = postSolution
		SolutionGuid = {F0C2AC67-F41A-461D-9047-C3EB1921000F}
	EndGlobalSection
EndGlobal
